
Microsoft Visual Studio Solution File, Format Version 12.00
# Visual Studio Version 16
VisualStudioVersion = 16.0.31112.23
MinimumVisualStudioVersion = 10.0.40219.1
Project("{9A19103F-16F7-4668-BE54-9A1E7A4F7556}") = "SK.Web", "SK.Web\SK.Web.csproj", "{F6D43378-C34F-4E74-8104-CE1117C9083A}"
EndProject
Project("{FAE04EC0-301F-11D3-BF4B-00C04F79EFBC}") = "SK.BL", "..\SK.BL\SK.BL.csproj", "{8D2E5124-6C24-4C43-AD7A-FB1E93680E39}"
EndProject
Project("{FAE04EC0-301F-11D3-BF4B-00C04F79EFBC}") = "SK.DB", "..\SK.DB\SK.DB.csproj", "{13120750-6D25-4863-9E9C-48F4EBD7751E}"
EndProject
Global
	GlobalSection(SolutionConfigurationPlatforms) = preSolution
		Debug|Any CPU = Debug|Any CPU
		Release|Any CPU = Release|Any CPU
	EndGlobalSection
	GlobalSection(ProjectConfigurationPlatforms) = postSolution
		{F6D43378-C34F-4E74-8104-CE1117C9083A}.Debug|Any CPU.ActiveCfg = Debug|Any CPU
		{F6D43378-C34F-4E74-8104-CE1117C9083A}.Debug|Any CPU.Build.0 = Debug|Any CPU
		{F6D43378-C34F-4E74-8104-CE1117C9083A}.Release|Any CPU.ActiveCfg = Release|Any CPU
		{F6D43378-C34F-4E74-8104-CE1117C9083A}.Release|Any CPU.Build.0 = Release|Any CPU
		{8D2E5124-6C24-4C43-AD7A-FB1E93680E39}.Debug|Any CPU.ActiveCfg = Debug|Any CPU
		{8D2E5124-6C24-4C43-AD7A-FB1E93680E39}.Debug|Any CPU.Build.0 = Debug|Any CPU
		{8D2E5124-6C24-4C43-AD7A-FB1E93680E39}.Release|Any CPU.ActiveCfg = Release|Any CPU
		{8D2E5124-6C24-4C43-AD7A-FB1E93680E39}.Release|Any CPU.Build.0 = Release|Any CPU
		{13120750-6D25-4863-9E9C-48F4EBD7751E}.Debug|Any CPU.ActiveCfg = Debug|Any CPU
		{13120750-6D25-4863-9E9C-48F4EBD7751E}.Debug|Any CPU.Build.0 = Debug|Any CPU
		{13120750-6D25-4863-9E9C-48F4EBD7751E}.Release|Any CPU.ActiveCfg = Release|Any CPU
		{13120750-6D25-4863-9E9C-48F4EBD7751E}.Release|Any CPU.Build.0 = Release|Any CPU
	EndGlobalSection
	GlobalSection(SolutionProperties) = preSolution
		HideSolutionNode = FALSE
	EndGlobalSection
	GlobalSection(ExtensibilityGlobals) = postSolution
		SolutionGuid = {16030839-7AC9-4CC6-A685-94D01DD88A58}
	EndGlobalSection
EndGlobal
